
Microsoft Visual Studio Solution File, Format Version 12.00
# Visual Studio Version 17
VisualStudioVersion = 17.3.32929.385
MinimumVisualStudioVersion = 10.0.40219.1
Project("{FAE04EC0-301F-11D3-BF4B-00C04F79EFBC}") = "Perfect Numbers project", "Perfect Numbers project\Perfect Numbers project.csproj", "{A936DCED-F2EA-4ABA-BD58-C11D70E729D8}"
EndProject
Global
	GlobalSection(SolutionConfigurationPlatforms) = preSolution
		Debug|Any CPU = Debug|Any CPU
		Release|Any CPU = Release|Any CPU
	EndGlobalSection
	GlobalSection(ProjectConfigurationPlatforms) = postSolution
		{A936DCED-F2EA-4ABA-BD58-C11D70E729D8}.Debug|Any CPU.ActiveCfg = Debug|Any CPU
		{A936DCED-F2EA-4ABA-BD58-C11D70E729D8}.Debug|Any CPU.Build.0 = Debug|Any CPU
		{A936DCED-F2EA-4ABA-BD58-C11D70E729D8}.Release|Any CPU.ActiveCfg = Release|Any CPU
		{A936DCED-F2EA-4ABA-BD58-C11D70E729D8}.Release|Any CPU.Build.0 = Release|Any CPU
	EndGlobalSection
	GlobalSection(SolutionProperties) = preSolution
		HideSolutionNode = FALSE
	EndGlobalSection
	GlobalSection(ExtensibilityGlobals) = postSolution
		SolutionGuid = {2D52E686-E299-4BCA-B984-9D253A925BEA}
	EndGlobalSection
EndGlobal
